
Microsoft Visual Studio Solution File, Format Version 12.00
# Visual Studio Version 16
VisualStudioVersion = 16.0.30711.63
MinimumVisualStudioVersion = 10.0.40219.1
Project("{9A19103F-16F7-4668-BE54-9A1E7A4F7556}") = "warsztatSamochodowy", "warsztatSamochodowy\warsztatSamochodowy.csproj", "{DC7B60AD-C3CC-4431-99E4-13EEFEB53400}"
EndProject
Global
	GlobalSection(SolutionConfigurationPlatforms) = preSolution
		Debug|Any CPU = Debug|Any CPU
		Release|Any CPU = Release|Any CPU
	EndGlobalSection
	GlobalSection(ProjectConfigurationPlatforms) = postSolution
		{DC7B60AD-C3CC-4431-99E4-13EEFEB53400}.Debug|Any CPU.ActiveCfg = Debug|Any CPU
		{DC7B60AD-C3CC-4431-99E4-13EEFEB53400}.Debug|Any CPU.Build.0 = Debug|Any CPU
		{DC7B60AD-C3CC-4431-99E4-13EEFEB53400}.Release|Any CPU.ActiveCfg = Release|Any CPU
		{DC7B60AD-C3CC-4431-99E4-13EEFEB53400}.Release|Any CPU.Build.0 = Release|Any CPU
	EndGlobalSection
	GlobalSection(SolutionProperties) = preSolution
		HideSolutionNode = FALSE
	EndGlobalSection
	GlobalSection(ExtensibilityGlobals) = postSolution
		SolutionGuid = {23E390F8-E87A-464E-9E44-A400BA73C989}
	EndGlobalSection
EndGlobal
